
Microsoft Visual Studio Solution File, Format Version 12.00
# Visual Studio Express 2013 for Windows Desktop
VisualStudioVersion = 12.0.21005.1
MinimumVisualStudioVersion = 10.0.40219.1
Project("{FAE04EC0-301F-11D3-BF4B-00C04F79EFBC}") = "Problem01-Numbers-1-N", "Problem01-Numbers-1-N\Problem01-Numbers-1-N.csproj", "{781B4A75-5D2D-435B-9F29-24B08B72C0FF}"
EndProject
Project("{FAE04EC0-301F-11D3-BF4B-00C04F79EFBC}") = "Problem02-Numbers-Not-Divisible-3-7", "Problem02-Numbers-Not-Divisible-3-7\Problem02-Numbers-Not-Divisible-3-7.csproj", "{BF39214E-5D46-4C28-A9F0-8315FC0EE1DF}"
EndProject
Project("{FAE04EC0-301F-11D3-BF4B-00C04F79EFBC}") = "Problem03-Min-Max-Average", "Problem03-Min-Max-Average\Problem03-Min-Max-Average.csproj", "{75128421-403A-4903-80D3-8AF5D0AF4BA9}"
EndProject
Project("{FAE04EC0-301F-11D3-BF4B-00C04F79EFBC}") = "Problem04-Print-A-Deck", "Problem04-Print-A-Deck\Problem04-Print-A-Deck.csproj", "{B5D468AD-06E9-4585-80C0-07879C5F01F8}"
EndProject
Project("{FAE04EC0-301F-11D3-BF4B-00C04F79EFBC}") = "Problem05-Calculate", "Problem05-Calculate\Problem05-Calculate.csproj", "{58EF0592-3C9E-443A-9597-18485FFFCC01}"
EndProject
Project("{FAE04EC0-301F-11D3-BF4B-00C04F79EFBC}") = "Problem06-Calculate", "Problem06-Calculate\Problem06-Calculate.csproj", "{CB557AEA-76A0-40FF-BC92-3D46394BEC01}"
EndProject
Project("{FAE04EC0-301F-11D3-BF4B-00C04F79EFBC}") = "Problem07-Calculate", "Problem07-Calculate\Problem07-Calculate.csproj", "{3B0B583E-68A1-41E0-A31A-36C746EBAD47}"
EndProject
Project("{FAE04EC0-301F-11D3-BF4B-00C04F79EFBC}") = "Problem08-Catalan-Numbers", "Problem08-Catalan-Numbers\Problem08-Catalan-Numbers.csproj", "{D8ECCE68-2544-4D0C-9F3F-E0EECFACEB6F}"
EndProject
Project("{FAE04EC0-301F-11D3-BF4B-00C04F79EFBC}") = "Problem09-Matrix-Of-Numbers", "Problem09-Matrix-Of-Numbers\Problem09-Matrix-Of-Numbers.csproj", "{29257940-9A5E-4641-854B-622AA043D81F}"
EndProject
Project("{FAE04EC0-301F-11D3-BF4B-00C04F79EFBC}") = "Problem10-Odd-Even-Product", "Problem10-Odd-Even-Product\Problem10-Odd-Even-Product.csproj", "{7C9F1521-8639-49B3-B70B-EB692878DB46}"
EndProject
Project("{FAE04EC0-301F-11D3-BF4B-00C04F79EFBC}") = "Problem11-Random-Numbers-In-Range", "Problem11-Random-Numbers-In-Range\Problem11-Random-Numbers-In-Range.csproj", "{BE030E2E-1F3C-433F-9603-82DE43C23EBB}"
EndProject
Project("{FAE04EC0-301F-11D3-BF4B-00C04F79EFBC}") = "Problem12-Randomize-Numbers", "Problem12-Randomize-Numbers\Problem12-Randomize-Numbers.csproj", "{DFCA1522-ADA1-4F72-A8E7-F67E89082D1B}"
EndProject
Project("{FAE04EC0-301F-11D3-BF4B-00C04F79EFBC}") = "Problem13-Binary-To-Decimal", "Problem13-Binary-To-Decimal\Problem13-Binary-To-Decimal.csproj", "{CF97E331-6C7A-4B84-BD95-6EAA8824052A}"
EndProject
Project("{FAE04EC0-301F-11D3-BF4B-00C04F79EFBC}") = "Problem14-Decimal-To-Binary", "Problem14-Decimal-To-Binary\Problem14-Decimal-To-Binary.csproj", "{809959B8-01C7-479E-B738-FE2ACA48E147}"
EndProject
Project("{FAE04EC0-301F-11D3-BF4B-00C04F79EFBC}") = "Problem15-Hexadecimal-To-Decimal-Number", "Problem15-Hexadecimal-To-Decimal-Number\Problem15-Hexadecimal-To-Decimal-Number.csproj", "{711D3CD5-B0F3-4818-B8B6-84AC9F696D30}"
EndProject
Project("{FAE04EC0-301F-11D3-BF4B-00C04F79EFBC}") = "Problem16-Decimal-To-Hexadecimal-Number", "Problem16-Decimal-To-Hexadecimal-Number\Problem16-Decimal-To-Hexadecimal-Number.csproj", "{DE9EC4EF-359A-4EB7-9426-C0FF79818D8A}"
EndProject
Project("{FAE04EC0-301F-11D3-BF4B-00C04F79EFBC}") = "Problem17-Calculate-GCD", "Problem17-Calculate-GCD\Problem17-Calculate-GCD.csproj", "{704A8345-F523-4B8E-847D-69C37B9B063D}"
EndProject
Project("{FAE04EC0-301F-11D3-BF4B-00C04F79EFBC}") = "Problem18-Trailing-Zeroes", "Problem18-Trailing-Zeroes\Problem18-Trailing-Zeroes.csproj", "{585C781B-9660-48A4-9656-525547ED1F01}"
EndProject
Project("{FAE04EC0-301F-11D3-BF4B-00C04F79EFBC}") = "Problem19-Spiral-Matrix", "Problem19-Spiral-Matrix\Problem19-Spiral-Matrix.csproj", "{F5F32F64-1E23-474D-8F94-8CEF92605E9A}"
EndProject
Project("{FAE04EC0-301F-11D3-BF4B-00C04F79EFBC}") = "Problem20-Exam-Schedule", "Problem20-Exam-Schedule\Problem20-Exam-Schedule.csproj", "{C516EC9B-CEA0-4D5C-B439-924D002C9458}"
EndProject
Project("{FAE04EC0-301F-11D3-BF4B-00C04F79EFBC}") = "Problem22-Arrow", "Problem22-Arrow\Problem22-Arrow.csproj", "{8CF5C93A-A141-4F36-9C77-AB82E8B9831E}"
EndProject
Project("{FAE04EC0-301F-11D3-BF4B-00C04F79EFBC}") = "Problem23-Five-Special-Letters", "Problem23-Five-Special-Letters\Problem23-Five-Special-Letters.csproj", "{8579D0DB-E194-47C3-B374-90B8929FAF5A}"
EndProject
Project("{FAE04EC0-301F-11D3-BF4B-00C04F79EFBC}") = "Problem21-Odd-Even-Elements", "Problem21-Odd-Even-Elements\Problem21-Odd-Even-Elements.csproj", "{FAFB957F-34E0-46D9-979A-9AD183123AF2}"
EndProject
Project("{FAE04EC0-301F-11D3-BF4B-00C04F79EFBC}") = "Problem24-Bit-Roller", "Problem24-Bit-Roller\Problem24-Bit-Roller.csproj", "{AE50E9D6-84B4-435A-9DD9-61E33BE767FE}"
EndProject
Global
	GlobalSection(SolutionConfigurationPlatforms) = preSolution
		Debug|Any CPU = Debug|Any CPU
		Release|Any CPU = Release|Any CPU
	EndGlobalSection
	GlobalSection(ProjectConfigurationPlatforms) = postSolution
		{781B4A75-5D2D-435B-9F29-24B08B72C0FF}.Debug|Any CPU.ActiveCfg = Debug|Any CPU
		{781B4A75-5D2D-435B-9F29-24B08B72C0FF}.Debug|Any CPU.Build.0 = Debug|Any CPU
		{781B4A75-5D2D-435B-9F29-24B08B72C0FF}.Release|Any CPU.ActiveCfg = Release|Any CPU
		{781B4A75-5D2D-435B-9F29-24B08B72C0FF}.Release|Any CPU.Build.0 = Release|Any CPU
		{BF39214E-5D46-4C28-A9F0-8315FC0EE1DF}.Debug|Any CPU.ActiveCfg = Debug|Any CPU
		{BF39214E-5D46-4C28-A9F0-8315FC0EE1DF}.Debug|Any CPU.Build.0 = Debug|Any CPU
		{BF39214E-5D46-4C28-A9F0-8315FC0EE1DF}.Release|Any CPU.ActiveCfg = Release|Any CPU
		{BF39214E-5D46-4C28-A9F0-8315FC0EE1DF}.Release|Any CPU.Build.0 = Release|Any CPU
		{75128421-403A-4903-80D3-8AF5D0AF4BA9}.Debug|Any CPU.ActiveCfg = Debug|Any CPU
		{75128421-403A-4903-80D3-8AF5D0AF4BA9}.Debug|Any CPU.Build.0 = Debug|Any CPU
		{75128421-403A-4903-80D3-8AF5D0AF4BA9}.Release|Any CPU.ActiveCfg = Release|Any CPU
		{75128421-403A-4903-80D3-8AF5D0AF4BA9}.Release|Any CPU.Build.0 = Release|Any CPU
		{B5D468AD-06E9-4585-80C0-07879C5F01F8}.Debug|Any CPU.ActiveCfg = Debug|Any CPU
		{B5D468AD-06E9-4585-80C0-07879C5F01F8}.Debug|Any CPU.Build.0 = Debug|Any CPU
		{B5D468AD-06E9-4585-80C0-07879C5F01F8}.Release|Any CPU.ActiveCfg = Release|Any CPU
		{B5D468AD-06E9-4585-80C0-07879C5F01F8}.Release|Any CPU.Build.0 = Release|Any CPU
		{58EF0592-3C9E-443A-9597-18485FFFCC01}.Debug|Any CPU.ActiveCfg = Debug|Any CPU
		{58EF0592-3C9E-443A-9597-18485FFFCC01}.Debug|Any CPU.Build.0 = Debug|Any CPU
		{58EF0592-3C9E-443A-9597-18485FFFCC01}.Release|Any CPU.ActiveCfg = Release|Any CPU
		{58EF0592-3C9E-443A-9597-18485FFFCC01}.Release|Any CPU.Build.0 = Release|Any CPU
		{CB557AEA-76A0-40FF-BC92-3D46394BEC01}.Debug|Any CPU.ActiveCfg = Debug|Any CPU
		{CB557AEA-76A0-40FF-BC92-3D46394BEC01}.Debug|Any CPU.Build.0 = Debug|Any CPU
		{CB557AEA-76A0-40FF-BC92-3D46394BEC01}.Release|Any CPU.ActiveCfg = Release|Any CPU
		{CB557AEA-76A0-40FF-BC92-3D46394BEC01}.Release|Any CPU.Build.0 = Release|Any CPU
		{3B0B583E-68A1-41E0-A31A-36C746EBAD47}.Debug|Any CPU.ActiveCfg = Debug|Any CPU
		{3B0B583E-68A1-41E0-A31A-36C746EBAD47}.Debug|Any CPU.Build.0 = Debug|Any CPU
		{3B0B583E-68A1-41E0-A31A-36C746EBAD47}.Release|Any CPU.ActiveCfg = Release|Any CPU
		{3B0B583E-68A1-41E0-A31A-36C746EBAD47}.Release|Any CPU.Build.0 = Release|Any CPU
		{D8ECCE68-2544-4D0C-9F3F-E0EECFACEB6F}.Debug|Any CPU.ActiveCfg = Debug|Any CPU
		{D8ECCE68-2544-4D0C-9F3F-E0EECFACEB6F}.Debug|Any CPU.Build.0 = Debug|Any CPU
		{D8ECCE68-2544-4D0C-9F3F-E0EECFACEB6F}.Release|Any CPU.ActiveCfg = Release|Any CPU
		{D8ECCE68-2544-4D0C-9F3F-E0EECFACEB6F}.Release|Any CPU.Build.0 = Release|Any CPU
		{29257940-9A5E-4641-854B-622AA043D81F}.Debug|Any CPU.ActiveCfg = Debug|Any CPU
		{29257940-9A5E-4641-854B-622AA043D81F}.Debug|Any CPU.Build.0 = Debug|Any CPU
		{29257940-9A5E-4641-854B-622AA043D81F}.Release|Any CPU.ActiveCfg = Release|Any CPU
		{29257940-9A5E-4641-854B-622AA043D81F}.Release|Any CPU.Build.0 = Release|Any CPU
		{7C9F1521-8639-49B3-B70B-EB692878DB46}.Debug|Any CPU.ActiveCfg = Debug|Any CPU
		{7C9F1521-8639-49B3-B70B-EB692878DB46}.Debug|Any CPU.Build.0 = Debug|Any CPU
		{7C9F1521-8639-49B3-B70B-EB692878DB46}.Release|Any CPU.ActiveCfg = Release|Any CPU
		{7C9F1521-8639-49B3-B70B-EB692878DB46}.Release|Any CPU.Build.0 = Release|Any CPU
		{BE030E2E-1F3C-433F-9603-82DE43C23EBB}.Debug|Any CPU.ActiveCfg = Debug|Any CPU
		{BE030E2E-1F3C-433F-9603-82DE43C23EBB}.Debug|Any CPU.Build.0 = Debug|Any CPU
		{BE030E2E-1F3C-433F-9603-82DE43C23EBB}.Release|Any CPU.ActiveCfg = Release|Any CPU
		{BE030E2E-1F3C-433F-9603-82DE43C23EBB}.Release|Any CPU.Build.0 = Release|Any CPU
		{DFCA1522-ADA1-4F72-A8E7-F67E89082D1B}.Debug|Any CPU.ActiveCfg = Debug|Any CPU
		{DFCA1522-ADA1-4F72-A8E7-F67E89082D1B}.Debug|Any CPU.Build.0 = Debug|Any CPU
		{DFCA1522-ADA1-4F72-A8E7-F67E89082D1B}.Release|Any CPU.ActiveCfg = Release|Any CPU
		{DFCA1522-ADA1-4F72-A8E7-F67E89082D1B}.Release|Any CPU.Build.0 = Release|Any CPU
		{CF97E331-6C7A-4B84-BD95-6EAA8824052A}.Debug|Any CPU.ActiveCfg = Debug|Any CPU
		{CF97E331-6C7A-4B84-BD95-6EAA8824052A}.Debug|Any CPU.Build.0 = Debug|Any CPU
		{CF97E331-6C7A-4B84-BD95-6EAA8824052A}.Release|Any CPU.ActiveCfg = Release|Any CPU
		{CF97E331-6C7A-4B84-BD95-6EAA8824052A}.Release|Any CPU.Build.0 = Release|Any CPU
		{809959B8-01C7-479E-B738-FE2ACA48E147}.Debug|Any CPU.ActiveCfg = Debug|Any CPU
		{809959B8-01C7-479E-B738-FE2ACA48E147}.Debug|Any CPU.Build.0 = Debug|Any CPU
		{809959B8-01C7-479E-B738-FE2ACA48E147}.Release|Any CPU.ActiveCfg = Release|Any CPU
		{809959B8-01C7-479E-B738-FE2ACA48E147}.Release|Any CPU.Build.0 = Release|Any CPU
		{711D3CD5-B0F3-4818-B8B6-84AC9F696D30}.Debug|Any CPU.ActiveCfg = Debug|Any CPU
		{711D3CD5-B0F3-4818-B8B6-84AC9F696D30}.Debug|Any CPU.Build.0 = Debug|Any CPU
		{711D3CD5-B0F3-4818-B8B6-84AC9F696D30}.Release|Any CPU.ActiveCfg = Release|Any CPU
		{711D3CD5-B0F3-4818-B8B6-84AC9F696D30}.Release|Any CPU.Build.0 = Release|Any CPU
		{DE9EC4EF-359A-4EB7-9426-C0FF79818D8A}.Debug|Any CPU.ActiveCfg = Debug|Any CPU
		{DE9EC4EF-359A-4EB7-9426-C0FF79818D8A}.Debug|Any CPU.Build.0 = Debug|Any CPU
		{DE9EC4EF-359A-4EB7-9426-C0FF79818D8A}.Release|Any CPU.ActiveCfg = Release|Any CPU
		{DE9EC4EF-359A-4EB7-9426-C0FF79818D8A}.Release|Any CPU.Build.0 = Release|Any CPU
		{704A8345-F523-4B8E-847D-69C37B9B063D}.Debug|Any CPU.ActiveCfg = Debug|Any CPU
		{704A8345-F523-4B8E-847D-69C37B9B063D}.Debug|Any CPU.Build.0 = Debug|Any CPU
		{704A8345-F523-4B8E-847D-69C37B9B063D}.Release|Any CPU.ActiveCfg = Release|Any CPU
		{704A8345-F523-4B8E-847D-69C37B9B063D}.Release|Any CPU.Build.0 = Release|Any CPU
		{585C781B-9660-48A4-9656-525547ED1F01}.Debug|Any CPU.ActiveCfg = Debug|Any CPU
		{585C781B-9660-48A4-9656-525547ED1F01}.Debug|Any CPU.Build.0 = Debug|Any CPU
		{585C781B-9660-48A4-9656-525547ED1F01}.Release|Any CPU.ActiveCfg = Release|Any CPU
		{585C781B-9660-48A4-9656-525547ED1F01}.Release|Any CPU.Build.0 = Release|Any CPU
		{F5F32F64-1E23-474D-8F94-8CEF92605E9A}.Debug|Any CPU.ActiveCfg = Debug|Any CPU
		{F5F32F64-1E23-474D-8F94-8CEF92605E9A}.Debug|Any CPU.Build.0 = Debug|Any CPU
		{F5F32F64-1E23-474D-8F94-8CEF92605E9A}.Release|Any CPU.ActiveCfg = Release|Any CPU
		{F5F32F64-1E23-474D-8F94-8CEF92605E9A}.Release|Any CPU.Build.0 = Release|Any CPU
		{C516EC9B-CEA0-4D5C-B439-924D002C9458}.Debug|Any CPU.ActiveCfg = Debug|Any CPU
		{C516EC9B-CEA0-4D5C-B439-924D002C9458}.Debug|Any CPU.Build.0 = Debug|Any CPU
		{C516EC9B-CEA0-4D5C-B439-924D002C9458}.Release|Any CPU.ActiveCfg = Release|Any CPU
		{C516EC9B-CEA0-4D5C-B439-924D002C9458}.Release|Any CPU.Build.0 = Release|Any CPU
		{8CF5C93A-A141-4F36-9C77-AB82E8B9831E}.Debug|Any CPU.ActiveCfg = Debug|Any CPU
		{8CF5C93A-A141-4F36-9C77-AB82E8B9831E}.Debug|Any CPU.Build.0 = Debug|Any CPU
		{8CF5C93A-A141-4F36-9C77-AB82E8B9831E}.Release|Any CPU.ActiveCfg = Release|Any CPU
		{8CF5C93A-A141-4F36-9C77-AB82E8B9831E}.Release|Any CPU.Build.0 = Release|Any CPU
		{8579D0DB-E194-47C3-B374-90B8929FAF5A}.Debug|Any CPU.ActiveCfg = Debug|Any CPU
		{8579D0DB-E194-47C3-B374-90B8929FAF5A}.Debug|Any CPU.Build.0 = Debug|Any CPU
		{8579D0DB-E194-47C3-B374-90B8929FAF5A}.Release|Any CPU.ActiveCfg = Release|Any CPU
		{8579D0DB-E194-47C3-B374-90B8929FAF5A}.Release|Any CPU.Build.0 = Release|Any CPU
		{FAFB957F-34E0-46D9-979A-9AD183123AF2}.Debug|Any CPU.ActiveCfg = Debug|Any CPU
		{FAFB957F-34E0-46D9-979A-9AD183123AF2}.Debug|Any CPU.Build.0 = Debug|Any CPU
		{FAFB957F-34E0-46D9-979A-9AD183123AF2}.Release|Any CPU.ActiveCfg = Release|Any CPU
		{FAFB957F-34E0-46D9-979A-9AD183123AF2}.Release|Any CPU.Build.0 = Release|Any CPU
		{AE50E9D6-84B4-435A-9DD9-61E33BE767FE}.Debug|Any CPU.ActiveCfg = Debug|Any CPU
		{AE50E9D6-84B4-435A-9DD9-61E33BE767FE}.Debug|Any CPU.Build.0 = Debug|Any CPU
		{AE50E9D6-84B4-435A-9DD9-61E33BE767FE}.Release|Any CPU.ActiveCfg = Release|Any CPU
		{AE50E9D6-84B4-435A-9DD9-61E33BE767FE}.Release|Any CPU.Build.0 = Release|Any CPU
	EndGlobalSection
	GlobalSection(SolutionProperties) = preSolution
		HideSolutionNode = FALSE
	EndGlobalSection
EndGlobal
