
Microsoft Visual Studio Solution File, Format Version 12.00
# Visual Studio Express 2013 for Windows Desktop
VisualStudioVersion = 12.0.21005.1
MinimumVisualStudioVersion = 10.0.40219.1
Project("{FAE04EC0-301F-11D3-BF4B-00C04F79EFBC}") = "Problem6-Print-Numbers", "Problem6-Print-Numbers\Problem6-Print-Numbers.csproj", "{30D0AE34-CEB1-41EB-BB1A-6134187045DF}"
EndProject
Project("{FAE04EC0-301F-11D3-BF4B-00C04F79EFBC}") = "Problem7-Print-First-And-Last-Name", "Problem7-Print-First-And-Last-Name\Problem7-Print-First-And-Last-Name.csproj", "{0C1DDA89-CA67-431A-AFB7-DC92CC8BEB2C}"
EndProject
Project("{FAE04EC0-301F-11D3-BF4B-00C04F79EFBC}") = "Problem8-Square-Root", "Problem8-Square-Root\Problem8-Square-Root.csproj", "{EE11A207-570D-45E6-B0D8-5283B8823A7B}"
EndProject
Project("{FAE04EC0-301F-11D3-BF4B-00C04F79EFBC}") = "Problem9-Print-Sequence", "Problem9-Print-Sequence\Problem9-Print-Sequence.csproj", "{DDC6DB33-C3D6-4FBD-82E3-F3D7D6C17C8C}"
EndProject
Project("{FAE04EC0-301F-11D3-BF4B-00C04F79EFBC}") = "Problem10-Reformat-CSharp-Code", "Problem10-Reformat-CSharp-Code\Problem10-Reformat-CSharp-Code.csproj", "{0EFE11F7-9B64-4ED4-A773-0C55C3DEB520}"
EndProject
Project("{FAE04EC0-301F-11D3-BF4B-00C04F79EFBC}") = "Problem14-Current-Date-And-Time", "Problem14-Current-Date-And-Time\Problem14-Current-Date-And-Time.csproj", "{86AB35F8-0DCC-40E3-BDD4-C2867267682C}"
EndProject
Project("{FAE04EC0-301F-11D3-BF4B-00C04F79EFBC}") = "Problem15-Age-After-10-Years", "Problem15-Age-After-10-Years\Problem15-Age-After-10-Years.csproj", "{B0CF15FC-5DB1-4501-8622-8DE4CD192E0D}"
EndProject
Project("{FAE04EC0-301F-11D3-BF4B-00C04F79EFBC}") = "Problem16-Print-Long-Sequence", "Problem16-Print-Long-Sequence\Problem16-Print-Long-Sequence.csproj", "{583394AB-53B0-4E71-BD4B-2C608F744CFD}"
EndProject
Project("{FAE04EC0-301F-11D3-BF4B-00C04F79EFBC}") = "Problem4-Hello-World", "Problem4-Hello-World\Problem4-Hello-World.csproj", "{F6AD6573-3933-4957-BC91-8803696D3F6C}"
EndProject
Project("{FAE04EC0-301F-11D3-BF4B-00C04F79EFBC}") = "Problem5-Print-Your-Name", "Problem5-Print-Your-Name\Problem5-Print-Your-Name.csproj", "{BA5721ED-0FB8-41DD-AFC4-1FE2C33AB19B}"
EndProject
Global
	GlobalSection(SolutionConfigurationPlatforms) = preSolution
		Debug|Any CPU = Debug|Any CPU
		Release|Any CPU = Release|Any CPU
	EndGlobalSection
	GlobalSection(ProjectConfigurationPlatforms) = postSolution
		{30D0AE34-CEB1-41EB-BB1A-6134187045DF}.Debug|Any CPU.ActiveCfg = Debug|Any CPU
		{30D0AE34-CEB1-41EB-BB1A-6134187045DF}.Debug|Any CPU.Build.0 = Debug|Any CPU
		{30D0AE34-CEB1-41EB-BB1A-6134187045DF}.Release|Any CPU.ActiveCfg = Release|Any CPU
		{30D0AE34-CEB1-41EB-BB1A-6134187045DF}.Release|Any CPU.Build.0 = Release|Any CPU
		{0C1DDA89-CA67-431A-AFB7-DC92CC8BEB2C}.Debug|Any CPU.ActiveCfg = Debug|Any CPU
		{0C1DDA89-CA67-431A-AFB7-DC92CC8BEB2C}.Debug|Any CPU.Build.0 = Debug|Any CPU
		{0C1DDA89-CA67-431A-AFB7-DC92CC8BEB2C}.Release|Any CPU.ActiveCfg = Release|Any CPU
		{0C1DDA89-CA67-431A-AFB7-DC92CC8BEB2C}.Release|Any CPU.Build.0 = Release|Any CPU
		{EE11A207-570D-45E6-B0D8-5283B8823A7B}.Debug|Any CPU.ActiveCfg = Debug|Any CPU
		{EE11A207-570D-45E6-B0D8-5283B8823A7B}.Debug|Any CPU.Build.0 = Debug|Any CPU
		{EE11A207-570D-45E6-B0D8-5283B8823A7B}.Release|Any CPU.ActiveCfg = Release|Any CPU
		{EE11A207-570D-45E6-B0D8-5283B8823A7B}.Release|Any CPU.Build.0 = Release|Any CPU
		{DDC6DB33-C3D6-4FBD-82E3-F3D7D6C17C8C}.Debug|Any CPU.ActiveCfg = Debug|Any CPU
		{DDC6DB33-C3D6-4FBD-82E3-F3D7D6C17C8C}.Debug|Any CPU.Build.0 = Debug|Any CPU
		{DDC6DB33-C3D6-4FBD-82E3-F3D7D6C17C8C}.Release|Any CPU.ActiveCfg = Release|Any CPU
		{DDC6DB33-C3D6-4FBD-82E3-F3D7D6C17C8C}.Release|Any CPU.Build.0 = Release|Any CPU
		{0EFE11F7-9B64-4ED4-A773-0C55C3DEB520}.Debug|Any CPU.ActiveCfg = Debug|Any CPU
		{0EFE11F7-9B64-4ED4-A773-0C55C3DEB520}.Debug|Any CPU.Build.0 = Debug|Any CPU
		{0EFE11F7-9B64-4ED4-A773-0C55C3DEB520}.Release|Any CPU.ActiveCfg = Release|Any CPU
		{0EFE11F7-9B64-4ED4-A773-0C55C3DEB520}.Release|Any CPU.Build.0 = Release|Any CPU
		{86AB35F8-0DCC-40E3-BDD4-C2867267682C}.Debug|Any CPU.ActiveCfg = Debug|Any CPU
		{86AB35F8-0DCC-40E3-BDD4-C2867267682C}.Debug|Any CPU.Build.0 = Debug|Any CPU
		{86AB35F8-0DCC-40E3-BDD4-C2867267682C}.Release|Any CPU.ActiveCfg = Release|Any CPU
		{86AB35F8-0DCC-40E3-BDD4-C2867267682C}.Release|Any CPU.Build.0 = Release|Any CPU
		{B0CF15FC-5DB1-4501-8622-8DE4CD192E0D}.Debug|Any CPU.ActiveCfg = Debug|Any CPU
		{B0CF15FC-5DB1-4501-8622-8DE4CD192E0D}.Debug|Any CPU.Build.0 = Debug|Any CPU
		{B0CF15FC-5DB1-4501-8622-8DE4CD192E0D}.Release|Any CPU.ActiveCfg = Release|Any CPU
		{B0CF15FC-5DB1-4501-8622-8DE4CD192E0D}.Release|Any CPU.Build.0 = Release|Any CPU
		{583394AB-53B0-4E71-BD4B-2C608F744CFD}.Debug|Any CPU.ActiveCfg = Debug|Any CPU
		{583394AB-53B0-4E71-BD4B-2C608F744CFD}.Debug|Any CPU.Build.0 = Debug|Any CPU
		{583394AB-53B0-4E71-BD4B-2C608F744CFD}.Release|Any CPU.ActiveCfg = Release|Any CPU
		{583394AB-53B0-4E71-BD4B-2C608F744CFD}.Release|Any CPU.Build.0 = Release|Any CPU
		{F6AD6573-3933-4957-BC91-8803696D3F6C}.Debug|Any CPU.ActiveCfg = Debug|Any CPU
		{F6AD6573-3933-4957-BC91-8803696D3F6C}.Debug|Any CPU.Build.0 = Debug|Any CPU
		{F6AD6573-3933-4957-BC91-8803696D3F6C}.Release|Any CPU.ActiveCfg = Release|Any CPU
		{F6AD6573-3933-4957-BC91-8803696D3F6C}.Release|Any CPU.Build.0 = Release|Any CPU
		{BA5721ED-0FB8-41DD-AFC4-1FE2C33AB19B}.Debug|Any CPU.ActiveCfg = Debug|Any CPU
		{BA5721ED-0FB8-41DD-AFC4-1FE2C33AB19B}.Debug|Any CPU.Build.0 = Debug|Any CPU
		{BA5721ED-0FB8-41DD-AFC4-1FE2C33AB19B}.Release|Any CPU.ActiveCfg = Release|Any CPU
		{BA5721ED-0FB8-41DD-AFC4-1FE2C33AB19B}.Release|Any CPU.Build.0 = Release|Any CPU
	EndGlobalSection
	GlobalSection(SolutionProperties) = preSolution
		HideSolutionNode = FALSE
	EndGlobalSection
EndGlobal
